
Microsoft Visual Studio Solution File, Format Version 12.00
# Visual Studio 2013
VisualStudioVersion = 12.0.31101.0
MinimumVisualStudioVersion = 10.0.40219.1
Project("{FAE04EC0-301F-11D3-BF4B-00C04F79EFBC}") = "MathBase", "MathBase\MathBase.csproj", "{33BE65E5-0CBF-4A46-AF6B-9FE08A84685F}"
EndProject
Project("{FAE04EC0-301F-11D3-BF4B-00C04F79EFBC}") = "test", "test\test.csproj", "{779D7329-54C3-40FB-AE4A-E2666B78E4BD}"
EndProject
Project("{FAE04EC0-301F-11D3-BF4B-00C04F79EFBC}") = "Kindruk.lab1", "Kindruk.lab1\Kindruk.lab1.csproj", "{0E0445EE-23E0-458D-8570-EC20AE01DE37}"
EndProject
Project("{FAE04EC0-301F-11D3-BF4B-00C04F79EFBC}") = "Kindruk.lab2", "Kindruk.lab2\Kindruk.lab2.csproj", "{0D2BF27B-A7C2-45EB-8B8F-BDFC5B10E106}"
EndProject
Project("{FAE04EC0-301F-11D3-BF4B-00C04F79EFBC}") = "MNA_labs", "MNA_labs\MNA_labs.csproj", "{6D43C81B-E062-4B26-953E-16DC9F50FB25}"
EndProject
Project("{FAE04EC0-301F-11D3-BF4B-00C04F79EFBC}") = "Kindruk.lab3", "Kindruk.lab3\Kindruk.lab3.csproj", "{B180EBC0-B953-4682-9AB3-8E89D1A7D3AA}"
EndProject
Project("{FAE04EC0-301F-11D3-BF4B-00C04F79EFBC}") = "Kindruk.lab4", "Kindruk.lab4\Kindruk.lab4.csproj", "{F527D04E-2A3A-49D2-B26A-EDD0740439DD}"
EndProject
Project("{FAE04EC0-301F-11D3-BF4B-00C04F79EFBC}") = "Kindruk.lab5", "Kindruk.lab5\Kindruk.lab5.csproj", "{5D415695-DC44-49A9-9BDE-CA8725A823A7}"
EndProject
Project("{FAE04EC0-301F-11D3-BF4B-00C04F79EFBC}") = "Kindruk.lab6", "Kindruk.lab6\Kindruk.lab6.csproj", "{DA780803-827A-4AF3-B2F8-AC7E46326A76}"
EndProject
Global
	GlobalSection(SolutionConfigurationPlatforms) = preSolution
		Debug|Any CPU = Debug|Any CPU
		Release|Any CPU = Release|Any CPU
	EndGlobalSection
	GlobalSection(ProjectConfigurationPlatforms) = postSolution
		{33BE65E5-0CBF-4A46-AF6B-9FE08A84685F}.Debug|Any CPU.ActiveCfg = Debug|Any CPU
		{33BE65E5-0CBF-4A46-AF6B-9FE08A84685F}.Debug|Any CPU.Build.0 = Debug|Any CPU
		{33BE65E5-0CBF-4A46-AF6B-9FE08A84685F}.Release|Any CPU.ActiveCfg = Release|Any CPU
		{33BE65E5-0CBF-4A46-AF6B-9FE08A84685F}.Release|Any CPU.Build.0 = Release|Any CPU
		{779D7329-54C3-40FB-AE4A-E2666B78E4BD}.Debug|Any CPU.ActiveCfg = Debug|Any CPU
		{779D7329-54C3-40FB-AE4A-E2666B78E4BD}.Debug|Any CPU.Build.0 = Debug|Any CPU
		{779D7329-54C3-40FB-AE4A-E2666B78E4BD}.Release|Any CPU.ActiveCfg = Release|Any CPU
		{779D7329-54C3-40FB-AE4A-E2666B78E4BD}.Release|Any CPU.Build.0 = Release|Any CPU
		{0E0445EE-23E0-458D-8570-EC20AE01DE37}.Debug|Any CPU.ActiveCfg = Debug|Any CPU
		{0E0445EE-23E0-458D-8570-EC20AE01DE37}.Debug|Any CPU.Build.0 = Debug|Any CPU
		{0E0445EE-23E0-458D-8570-EC20AE01DE37}.Release|Any CPU.ActiveCfg = Release|Any CPU
		{0E0445EE-23E0-458D-8570-EC20AE01DE37}.Release|Any CPU.Build.0 = Release|Any CPU
		{0D2BF27B-A7C2-45EB-8B8F-BDFC5B10E106}.Debug|Any CPU.ActiveCfg = Debug|Any CPU
		{0D2BF27B-A7C2-45EB-8B8F-BDFC5B10E106}.Debug|Any CPU.Build.0 = Debug|Any CPU
		{0D2BF27B-A7C2-45EB-8B8F-BDFC5B10E106}.Release|Any CPU.ActiveCfg = Release|Any CPU
		{0D2BF27B-A7C2-45EB-8B8F-BDFC5B10E106}.Release|Any CPU.Build.0 = Release|Any CPU
		{6D43C81B-E062-4B26-953E-16DC9F50FB25}.Debug|Any CPU.ActiveCfg = Debug|Any CPU
		{6D43C81B-E062-4B26-953E-16DC9F50FB25}.Debug|Any CPU.Build.0 = Debug|Any CPU
		{6D43C81B-E062-4B26-953E-16DC9F50FB25}.Release|Any CPU.ActiveCfg = Release|Any CPU
		{6D43C81B-E062-4B26-953E-16DC9F50FB25}.Release|Any CPU.Build.0 = Release|Any CPU
		{B180EBC0-B953-4682-9AB3-8E89D1A7D3AA}.Debug|Any CPU.ActiveCfg = Debug|Any CPU
		{B180EBC0-B953-4682-9AB3-8E89D1A7D3AA}.Debug|Any CPU.Build.0 = Debug|Any CPU
		{B180EBC0-B953-4682-9AB3-8E89D1A7D3AA}.Release|Any CPU.ActiveCfg = Release|Any CPU
		{B180EBC0-B953-4682-9AB3-8E89D1A7D3AA}.Release|Any CPU.Build.0 = Release|Any CPU
		{F527D04E-2A3A-49D2-B26A-EDD0740439DD}.Debug|Any CPU.ActiveCfg = Debug|Any CPU
		{F527D04E-2A3A-49D2-B26A-EDD0740439DD}.Debug|Any CPU.Build.0 = Debug|Any CPU
		{F527D04E-2A3A-49D2-B26A-EDD0740439DD}.Release|Any CPU.ActiveCfg = Release|Any CPU
		{F527D04E-2A3A-49D2-B26A-EDD0740439DD}.Release|Any CPU.Build.0 = Release|Any CPU
		{5D415695-DC44-49A9-9BDE-CA8725A823A7}.Debug|Any CPU.ActiveCfg = Debug|Any CPU
		{5D415695-DC44-49A9-9BDE-CA8725A823A7}.Debug|Any CPU.Build.0 = Debug|Any CPU
		{5D415695-DC44-49A9-9BDE-CA8725A823A7}.Release|Any CPU.ActiveCfg = Release|Any CPU
		{5D415695-DC44-49A9-9BDE-CA8725A823A7}.Release|Any CPU.Build.0 = Release|Any CPU
		{DA780803-827A-4AF3-B2F8-AC7E46326A76}.Debug|Any CPU.ActiveCfg = Debug|Any CPU
		{DA780803-827A-4AF3-B2F8-AC7E46326A76}.Debug|Any CPU.Build.0 = Debug|Any CPU
		{DA780803-827A-4AF3-B2F8-AC7E46326A76}.Release|Any CPU.ActiveCfg = Release|Any CPU
		{DA780803-827A-4AF3-B2F8-AC7E46326A76}.Release|Any CPU.Build.0 = Release|Any CPU
	EndGlobalSection
	GlobalSection(SolutionProperties) = preSolution
		HideSolutionNode = FALSE
	EndGlobalSection
EndGlobal
